// !$*UTF8*$!
{
	archiveVersion = 1;
	classes = {
	};
	objectVersion = 46;
	objects = {

/* Begin PBXBuildFile section */
		64E85D501A4F65FF0042EE5A /* engine.cpp in Sources */ = {isa = PBXBuildFile; fileRef = 64E85D4D1A4F65FF0042EE5A /* engine.cpp */; };
		64E85D511A4F65FF0042EE5A /* main.cpp in Sources */ = {isa = PBXBuildFile; fileRef = 64E85D4F1A4F65FF0042EE5A /* main.cpp */; };
		64E85D531A4F6C6E0042EE5A /* libglfw3.3.0.dylib in Frameworks */ = {isa = PBXBuildFile; fileRef = 64E85D521A4F6C6E0042EE5A /* libglfw3.3.0.dylib */; };
		64E85D551A4F701D0042EE5A /* OpenGL.framework in Frameworks */ = {isa = PBXBuildFile; fileRef = 64E85D541A4F701D0042EE5A /* OpenGL.framework */; };
		64E85D5C1A4F77C00042EE5A /* Scene.cpp in Sources */ = {isa = PBXBuildFile; fileRef = 64E85D5A1A4F77C00042EE5A /* Scene.cpp */; };
		64E85D5F1A4F785C0042EE5A /* VoxelScene.cpp in Sources */ = {isa = PBXBuildFile; fileRef = 64E85D5D1A4F785C0042EE5A /* VoxelScene.cpp */; };
		64E85D631A4F79710042EE5A /* World.cpp in Sources */ = {isa = PBXBuildFile; fileRef = 64E85D611A4F79710042EE5A /* World.cpp */; };
		64E85D661A508DC00042EE5A /* VBOScene.cpp in Sources */ = {isa = PBXBuildFile; fileRef = 64E85D641A508DC00042EE5A /* VBOScene.cpp */; };
		64E85D6A1A50AA9E0042EE5A /* libGLEW.a in Frameworks */ = {isa = PBXBuildFile; fileRef = 64E85D691A50AA9E0042EE5A /* libGLEW.a */; };
		64E85D711A50D8C50042EE5A /* ShaderLoader.cpp in Sources */ = {isa = PBXBuildFile; fileRef = 64E85D6F1A50D8C50042EE5A /* ShaderLoader.cpp */; };
		64E85D771A5168C80042EE5A /* fragmentShader.glsl in CopyFiles */ = {isa = PBXBuildFile; fileRef = 64E85D751A5168B00042EE5A /* fragmentShader.glsl */; };
		64E85D781A5168C80042EE5A /* vertexShader.glsl in CopyFiles */ = {isa = PBXBuildFile; fileRef = 64E85D761A5168B00042EE5A /* vertexShader.glsl */; };
		64E85D7B1A516C790042EE5A /* Chunk.cpp in Sources */ = {isa = PBXBuildFile; fileRef = 64E85D791A516C790042EE5A /* Chunk.cpp */; };
		64E85D7E1A516EAA0042EE5A /* Cube.cpp in Sources */ = {isa = PBXBuildFile; fileRef = 64E85D7C1A516EAA0042EE5A /* Cube.cpp */; };
		64E85D811A518B130042EE5A /* Buffer.cpp in Sources */ = {isa = PBXBuildFile; fileRef = 64E85D7F1A518B130042EE5A /* Buffer.cpp */; };
/* End PBXBuildFile section */

/* Begin PBXCopyFilesBuildPhase section */
		64E85D3F1A4F65C30042EE5A /* CopyFiles */ = {
			isa = PBXCopyFilesBuildPhase;
			buildActionMask = 12;
			dstPath = shaders;
			dstSubfolderSpec = 1;
			files = (
				64E85D771A5168C80042EE5A /* fragmentShader.glsl in CopyFiles */,
				64E85D781A5168C80042EE5A /* vertexShader.glsl in CopyFiles */,
			);
			runOnlyForDeploymentPostprocessing = 0;
		};
/* End PBXCopyFilesBuildPhase section */

/* Begin PBXFileReference section */
		64E85D411A4F65C30042EE5A /* Voxelengine */ = {isa = PBXFileReference; explicitFileType = "compiled.mach-o.executable"; includeInIndex = 0; path = Voxelengine; sourceTree = BUILT_PRODUCTS_DIR; };
		64E85D4D1A4F65FF0042EE5A /* engine.cpp */ = {isa = PBXFileReference; fileEncoding = 4; lastKnownFileType = sourcecode.cpp.cpp; path = engine.cpp; sourceTree = "<group>"; };
		64E85D4E1A4F65FF0042EE5A /* engine.h */ = {isa = PBXFileReference; fileEncoding = 4; lastKnownFileType = sourcecode.c.h; path = engine.h; sourceTree = "<group>"; };
		64E85D4F1A4F65FF0042EE5A /* main.cpp */ = {isa = PBXFileReference; fileEncoding = 4; lastKnownFileType = sourcecode.cpp.cpp; path = main.cpp; sourceTree = "<group>"; };
		64E85D521A4F6C6E0042EE5A /* libglfw3.3.0.dylib */ = {isa = PBXFileReference; lastKnownFileType = "compiled.mach-o.dylib"; name = libglfw3.3.0.dylib; path = ../../../../../usr/local/Cellar/glfw3/3.0.4/lib/libglfw3.3.0.dylib; sourceTree = "<group>"; };
		64E85D541A4F701D0042EE5A /* OpenGL.framework */ = {isa = PBXFileReference; lastKnownFileType = wrapper.framework; name = OpenGL.framework; path = System/Library/Frameworks/OpenGL.framework; sourceTree = SDKROOT; };
		64E85D5A1A4F77C00042EE5A /* Scene.cpp */ = {isa = PBXFileReference; fileEncoding = 4; lastKnownFileType = sourcecode.cpp.cpp; name = Scene.cpp; path = scene/Scene.cpp; sourceTree = "<group>"; };
		64E85D5B1A4F77C00042EE5A /* Scene.h */ = {isa = PBXFileReference; fileEncoding = 4; lastKnownFileType = sourcecode.c.h; name = Scene.h; path = scene/Scene.h; sourceTree = "<group>"; };
		64E85D5D1A4F785C0042EE5A /* VoxelScene.cpp */ = {isa = PBXFileReference; fileEncoding = 4; lastKnownFileType = sourcecode.cpp.cpp; name = VoxelScene.cpp; path = scene/VoxelScene.cpp; sourceTree = "<group>"; };
		64E85D5E1A4F785C0042EE5A /* VoxelScene.h */ = {isa = PBXFileReference; fileEncoding = 4; lastKnownFileType = sourcecode.c.h; name = VoxelScene.h; path = scene/VoxelScene.h; sourceTree = "<group>"; };
		64E85D611A4F79710042EE5A /* World.cpp */ = {isa = PBXFileReference; fileEncoding = 4; lastKnownFileType = sourcecode.cpp.cpp; name = World.cpp; path = world/World.cpp; sourceTree = "<group>"; };
		64E85D621A4F79710042EE5A /* World.h */ = {isa = PBXFileReference; fileEncoding = 4; lastKnownFileType = sourcecode.c.h; name = World.h; path = world/World.h; sourceTree = "<group>"; };
		64E85D641A508DC00042EE5A /* VBOScene.cpp */ = {isa = PBXFileReference; fileEncoding = 4; lastKnownFileType = sourcecode.cpp.cpp; name = VBOScene.cpp; path = scene/VBOScene.cpp; sourceTree = "<group>"; };
		64E85D651A508DC00042EE5A /* VBOScene.h */ = {isa = PBXFileReference; fileEncoding = 4; lastKnownFileType = sourcecode.c.h; name = VBOScene.h; path = scene/VBOScene.h; sourceTree = "<group>"; };
		64E85D691A50AA9E0042EE5A /* libGLEW.a */ = {isa = PBXFileReference; lastKnownFileType = archive.ar; name = libGLEW.a; path = ../../../../../usr/lib/libGLEW.a; sourceTree = "<group>"; };
		64E85D6F1A50D8C50042EE5A /* ShaderLoader.cpp */ = {isa = PBXFileReference; fileEncoding = 4; lastKnownFileType = sourcecode.cpp.cpp; name = ShaderLoader.cpp; path = openGL/ShaderLoader.cpp; sourceTree = "<group>"; };
		64E85D701A50D8C50042EE5A /* ShaderLoader.h */ = {isa = PBXFileReference; fileEncoding = 4; lastKnownFileType = sourcecode.c.h; name = ShaderLoader.h; path = openGL/ShaderLoader.h; sourceTree = "<group>"; };
		64E85D751A5168B00042EE5A /* fragmentShader.glsl */ = {isa = PBXFileReference; lastKnownFileType = text; name = fragmentShader.glsl; path = ../shaders/fragmentShader.glsl; sourceTree = "<group>"; };
		64E85D761A5168B00042EE5A /* vertexShader.glsl */ = {isa = PBXFileReference; lastKnownFileType = text; name = vertexShader.glsl; path = ../shaders/vertexShader.glsl; sourceTree = "<group>"; };
		64E85D791A516C790042EE5A /* Chunk.cpp */ = {isa = PBXFileReference; fileEncoding = 4; lastKnownFileType = sourcecode.cpp.cpp; name = Chunk.cpp; path = world/Chunk.cpp; sourceTree = "<group>"; };
		64E85D7A1A516C790042EE5A /* Chunk.h */ = {isa = PBXFileReference; fileEncoding = 4; lastKnownFileType = sourcecode.c.h; name = Chunk.h; path = world/Chunk.h; sourceTree = "<group>"; };
		64E85D7C1A516EAA0042EE5A /* Cube.cpp */ = {isa = PBXFileReference; fileEncoding = 4; lastKnownFileType = sourcecode.cpp.cpp; name = Cube.cpp; path = world/Cube.cpp; sourceTree = "<group>"; };
		64E85D7D1A516EAA0042EE5A /* Cube.h */ = {isa = PBXFileReference; fileEncoding = 4; lastKnownFileType = sourcecode.c.h; name = Cube.h; path = world/Cube.h; sourceTree = "<group>"; };
		64E85D7F1A518B130042EE5A /* Buffer.cpp */ = {isa = PBXFileReference; fileEncoding = 4; lastKnownFileType = sourcecode.cpp.cpp; name = Buffer.cpp; path = openGL/Buffer.cpp; sourceTree = "<group>"; };
		64E85D801A518B130042EE5A /* Buffer.h */ = {isa = PBXFileReference; fileEncoding = 4; lastKnownFileType = sourcecode.c.h; name = Buffer.h; path = openGL/Buffer.h; sourceTree = "<group>"; };
/* End PBXFileReference section */

/* Begin PBXFrameworksBuildPhase section */
		64E85D3E1A4F65C30042EE5A /* Frameworks */ = {
			isa = PBXFrameworksBuildPhase;
			buildActionMask = 2147483647;
			files = (
				64E85D551A4F701D0042EE5A /* OpenGL.framework in Frameworks */,
				64E85D531A4F6C6E0042EE5A /* libglfw3.3.0.dylib in Frameworks */,
				64E85D6A1A50AA9E0042EE5A /* libGLEW.a in Frameworks */,
			);
			runOnlyForDeploymentPostprocessing = 0;
		};
/* End PBXFrameworksBuildPhase section */

/* Begin PBXGroup section */
		64E85D381A4F65C30042EE5A = {
			isa = PBXGroup;
			children = (
				64E85D691A50AA9E0042EE5A /* libGLEW.a */,
				64E85D541A4F701D0042EE5A /* OpenGL.framework */,
				64E85D521A4F6C6E0042EE5A /* libglfw3.3.0.dylib */,
				64E85D721A5168070042EE5A /* shaders */,
				64E85D4B1A4F65FF0042EE5A /* src */,
				64E85D421A4F65C30042EE5A /* Products */,
			);
			sourceTree = "<group>";
		};
		64E85D421A4F65C30042EE5A /* Products */ = {
			isa = PBXGroup;
			children = (
				64E85D411A4F65C30042EE5A /* Voxelengine */,
			);
			name = Products;
			sourceTree = "<group>";
		};
		64E85D4B1A4F65FF0042EE5A /* src */ = {
			isa = PBXGroup;
			children = (
				64E85D6E1A50D6660042EE5A /* openGL */,
				64E85D601A4F78630042EE5A /* world */,
				64E85D591A4F77B40042EE5A /* scene */,
				64E85D4C1A4F65FF0042EE5A /* engine */,
				64E85D4F1A4F65FF0042EE5A /* main.cpp */,
			);
			name = src;
			path = ../src;
			sourceTree = "<group>";
		};
		64E85D4C1A4F65FF0042EE5A /* engine */ = {
			isa = PBXGroup;
			children = (
				64E85D4D1A4F65FF0042EE5A /* engine.cpp */,
				64E85D4E1A4F65FF0042EE5A /* engine.h */,
			);
			path = engine;
			sourceTree = "<group>";
		};
		64E85D591A4F77B40042EE5A /* scene */ = {
			isa = PBXGroup;
			children = (
				64E85D5A1A4F77C00042EE5A /* Scene.cpp */,
				64E85D5B1A4F77C00042EE5A /* Scene.h */,
				64E85D5D1A4F785C0042EE5A /* VoxelScene.cpp */,
				64E85D5E1A4F785C0042EE5A /* VoxelScene.h */,
				64E85D641A508DC00042EE5A /* VBOScene.cpp */,
				64E85D651A508DC00042EE5A /* VBOScene.h */,
			);
			name = scene;
			sourceTree = "<group>";
		};
		64E85D601A4F78630042EE5A /* world */ = {
			isa = PBXGroup;
			children = (
				64E85D611A4F79710042EE5A /* World.cpp */,
				64E85D621A4F79710042EE5A /* World.h */,
				64E85D791A516C790042EE5A /* Chunk.cpp */,
				64E85D7A1A516C790042EE5A /* Chunk.h */,
				64E85D7C1A516EAA0042EE5A /* Cube.cpp */,
				64E85D7D1A516EAA0042EE5A /* Cube.h */,
			);
			name = world;
			sourceTree = "<group>";
		};
		64E85D6E1A50D6660042EE5A /* openGL */ = {
			isa = PBXGroup;
			children = (
				64E85D6F1A50D8C50042EE5A /* ShaderLoader.cpp */,
				64E85D701A50D8C50042EE5A /* ShaderLoader.h */,
				64E85D7F1A518B130042EE5A /* Buffer.cpp */,
				64E85D801A518B130042EE5A /* Buffer.h */,
			);
			name = openGL;
			sourceTree = "<group>";
		};
		64E85D721A5168070042EE5A /* shaders */ = {
			isa = PBXGroup;
			children = (
				64E85D751A5168B00042EE5A /* fragmentShader.glsl */,
				64E85D761A5168B00042EE5A /* vertexShader.glsl */,
			);
			name = shaders;
			sourceTree = "<group>";
		};
/* End PBXGroup section */

/* Begin PBXNativeTarget section */
		64E85D401A4F65C30042EE5A /* Voxelengine */ = {
			isa = PBXNativeTarget;
			buildConfigurationList = 64E85D481A4F65C30042EE5A /* Build configuration list for PBXNativeTarget "Voxelengine" */;
			buildPhases = (
				64E85D3D1A4F65C30042EE5A /* Sources */,
				64E85D3E1A4F65C30042EE5A /* Frameworks */,
				64E85D3F1A4F65C30042EE5A /* CopyFiles */,
			);
			buildRules = (
			);
			dependencies = (
			);
			name = Voxelengine;
			productName = Voxelengine;
			productReference = 64E85D411A4F65C30042EE5A /* Voxelengine */;
			productType = "com.apple.product-type.tool";
		};
/* End PBXNativeTarget section */

/* Begin PBXProject section */
		64E85D391A4F65C30042EE5A /* Project object */ = {
			isa = PBXProject;
			attributes = {
				LastUpgradeCheck = 0610;
				ORGANIZATIONNAME = RGA;
				TargetAttributes = {
					64E85D401A4F65C30042EE5A = {
						CreatedOnToolsVersion = 6.1;
					};
				};
			};
			buildConfigurationList = 64E85D3C1A4F65C30042EE5A /* Build configuration list for PBXProject "Voxelengine" */;
			compatibilityVersion = "Xcode 3.2";
			developmentRegion = English;
			hasScannedForEncodings = 0;
			knownRegions = (
				en,
			);
			mainGroup = 64E85D381A4F65C30042EE5A;
			productRefGroup = 64E85D421A4F65C30042EE5A /* Products */;
			projectDirPath = "";
			projectRoot = "";
			targets = (
				64E85D401A4F65C30042EE5A /* Voxelengine */,
			);
		};
/* End PBXProject section */

/* Begin PBXSourcesBuildPhase section */
		64E85D3D1A4F65C30042EE5A /* Sources */ = {
			isa = PBXSourcesBuildPhase;
			buildActionMask = 2147483647;
			files = (
				64E85D7E1A516EAA0042EE5A /* Cube.cpp in Sources */,
				64E85D811A518B130042EE5A /* Buffer.cpp in Sources */,
				64E85D661A508DC00042EE5A /* VBOScene.cpp in Sources */,
				64E85D5C1A4F77C00042EE5A /* Scene.cpp in Sources */,
				64E85D631A4F79710042EE5A /* World.cpp in Sources */,
				64E85D7B1A516C790042EE5A /* Chunk.cpp in Sources */,
				64E85D511A4F65FF0042EE5A /* main.cpp in Sources */,
				64E85D501A4F65FF0042EE5A /* engine.cpp in Sources */,
				64E85D5F1A4F785C0042EE5A /* VoxelScene.cpp in Sources */,
				64E85D711A50D8C50042EE5A /* ShaderLoader.cpp in Sources */,
			);
			runOnlyForDeploymentPostprocessing = 0;
		};
/* End PBXSourcesBuildPhase section */

/* Begin XCBuildConfiguration section */
		64E85D461A4F65C30042EE5A /* Debug */ = {
			isa = XCBuildConfiguration;
			buildSettings = {
				ALWAYS_SEARCH_USER_PATHS = NO;
				CLANG_CXX_LANGUAGE_STANDARD = "gnu++0x";
				CLANG_CXX_LIBRARY = "libc++";
				CLANG_ENABLE_MODULES = YES;
				CLANG_ENABLE_OBJC_ARC = YES;
				CLANG_WARN_BOOL_CONVERSION = YES;
				CLANG_WARN_CONSTANT_CONVERSION = YES;
				CLANG_WARN_DIRECT_OBJC_ISA_USAGE = YES_ERROR;
				CLANG_WARN_EMPTY_BODY = YES;
				CLANG_WARN_ENUM_CONVERSION = YES;
				CLANG_WARN_INT_CONVERSION = YES;
				CLANG_WARN_OBJC_ROOT_CLASS = YES_ERROR;
				CLANG_WARN_UNREACHABLE_CODE = YES;
				CLANG_WARN__DUPLICATE_METHOD_MATCH = YES;
				COPY_PHASE_STRIP = NO;
				ENABLE_STRICT_OBJC_MSGSEND = YES;
				GCC_C_LANGUAGE_STANDARD = gnu99;
				GCC_DYNAMIC_NO_PIC = NO;
				GCC_OPTIMIZATION_LEVEL = 0;
				GCC_PREPROCESSOR_DEFINITIONS = (
					"DEBUG=1",
					"$(inherited)",
				);
				GCC_SYMBOLS_PRIVATE_EXTERN = NO;
				GCC_WARN_64_TO_32_BIT_CONVERSION = YES;
				GCC_WARN_ABOUT_RETURN_TYPE = YES_ERROR;
				GCC_WARN_UNDECLARED_SELECTOR = YES;
				GCC_WARN_UNINITIALIZED_AUTOS = YES_AGGRESSIVE;
				GCC_WARN_UNUSED_FUNCTION = YES;
				GCC_WARN_UNUSED_VARIABLE = YES;
				LIBRARY_SEARCH_PATHS = /usr/lib;
				MACOSX_DEPLOYMENT_TARGET = 10.10;
				MTL_ENABLE_DEBUG_INFO = YES;
				ONLY_ACTIVE_ARCH = YES;
				SDKROOT = macosx;
			};
			name = Debug;
		};
		64E85D471A4F65C30042EE5A /* Release */ = {
			isa = XCBuildConfiguration;
			buildSettings = {
				ALWAYS_SEARCH_USER_PATHS = NO;
				CLANG_CXX_LANGUAGE_STANDARD = "gnu++0x";
				CLANG_CXX_LIBRARY = "libc++";
				CLANG_ENABLE_MODULES = YES;
				CLANG_ENABLE_OBJC_ARC = YES;
				CLANG_WARN_BOOL_CONVERSION = YES;
				CLANG_WARN_CONSTANT_CONVERSION = YES;
				CLANG_WARN_DIRECT_OBJC_ISA_USAGE = YES_ERROR;
				CLANG_WARN_EMPTY_BODY = YES;
				CLANG_WARN_ENUM_CONVERSION = YES;
				CLANG_WARN_INT_CONVERSION = YES;
				CLANG_WARN_OBJC_ROOT_CLASS = YES_ERROR;
				CLANG_WARN_UNREACHABLE_CODE = YES;
				CLANG_WARN__DUPLICATE_METHOD_MATCH = YES;
				COPY_PHASE_STRIP = YES;
				DEBUG_INFORMATION_FORMAT = "dwarf-with-dsym";
				ENABLE_NS_ASSERTIONS = NO;
				ENABLE_STRICT_OBJC_MSGSEND = YES;
				GCC_C_LANGUAGE_STANDARD = gnu99;
				GCC_WARN_64_TO_32_BIT_CONVERSION = YES;
				GCC_WARN_ABOUT_RETURN_TYPE = YES_ERROR;
				GCC_WARN_UNDECLARED_SELECTOR = YES;
				GCC_WARN_UNINITIALIZED_AUTOS = YES_AGGRESSIVE;
				GCC_WARN_UNUSED_FUNCTION = YES;
				GCC_WARN_UNUSED_VARIABLE = YES;
				LIBRARY_SEARCH_PATHS = /usr/lib;
				MACOSX_DEPLOYMENT_TARGET = 10.10;
				MTL_ENABLE_DEBUG_INFO = NO;
				SDKROOT = macosx;
			};
			name = Release;
		};
		64E85D491A4F65C30042EE5A /* Debug */ = {
			isa = XCBuildConfiguration;
			buildSettings = {
				HEADER_SEARCH_PATHS = (
					"$(inherited)",
					"/Applications/Xcode-Beta.app/Contents/Developer/Toolchains/XcodeDefault.xctoolchain/usr/include",
					/usr/local/include,
					/usr/include/GL,
				);
				LIBRARY_SEARCH_PATHS = (
					"$(inherited)",
					/usr/local/Cellar/glfw3/3.0.4/lib,
					/usr/local/lib,
				);
				PRODUCT_NAME = "$(TARGET_NAME)";
			};
			name = Debug;
		};
		64E85D4A1A4F65C30042EE5A /* Release */ = {
			isa = XCBuildConfiguration;
			buildSettings = {
				HEADER_SEARCH_PATHS = (
					"$(inherited)",
					"/Applications/Xcode-Beta.app/Contents/Developer/Toolchains/XcodeDefault.xctoolchain/usr/include",
					/usr/local/include,
					/usr/include/GL,
				);
				LIBRARY_SEARCH_PATHS = (
					"$(inherited)",
					/usr/local/Cellar/glfw3/3.0.4/lib,
					/usr/local/lib,
				);
				PRODUCT_NAME = "$(TARGET_NAME)";
			};
			name = Release;
		};
/* End XCBuildConfiguration section */

/* Begin XCConfigurationList section */
		64E85D3C1A4F65C30042EE5A /* Build configuration list for PBXProject "Voxelengine" */ = {
			isa = XCConfigurationList;
			buildConfigurations = (
				64E85D461A4F65C30042EE5A /* Debug */,
				64E85D471A4F65C30042EE5A /* Release */,
			);
			defaultConfigurationIsVisible = 0;
			defaultConfigurationName = Release;
		};
		64E85D481A4F65C30042EE5A /* Build configuration list for PBXNativeTarget "Voxelengine" */ = {
			isa = XCConfigurationList;
			buildConfigurations = (
				64E85D491A4F65C30042EE5A /* Debug */,
				64E85D4A1A4F65C30042EE5A /* Release */,
			);
			defaultConfigurationIsVisible = 0;
			defaultConfigurationName = Release;
		};
/* End XCConfigurationList section */
	};
	rootObject = 64E85D391A4F65C30042EE5A /* Project object */;
}
